
Microsoft Visual Studio Solution File, Format Version 12.00
# Visual Studio Version 17
VisualStudioVersion = 17.14.36511.14 d17.14
MinimumVisualStudioVersion = 10.0.40219.1
Project("{8BC9CEB8-8B4A-11D0-8D11-00A0C91BC942}") = "pr6", "pr6\pr6.vcxproj", "{AAE91331-29BA-4A4D-90E8-3837CE69591B}"
EndProject
Global
	GlobalSection(SolutionConfigurationPlatforms) = preSolution
		Debug|x64 = Debug|x64
		Debug|x86 = Debug|x86
		Release|x64 = Release|x64
		Release|x86 = Release|x86
	EndGlobalSection
	GlobalSection(ProjectConfigurationPlatforms) = postSolution
		{AAE91331-29BA-4A4D-90E8-3837CE69591B}.Debug|x64.ActiveCfg = Debug|x64
		{AAE91331-29BA-4A4D-90E8-3837CE69591B}.Debug|x64.Build.0 = Debug|x64
		{AAE91331-29BA-4A4D-90E8-3837CE69591B}.Debug|x86.ActiveCfg = Debug|Win32
		{AAE91331-29BA-4A4D-90E8-3837CE69591B}.Debug|x86.Build.0 = Debug|Win32
		{AAE91331-29BA-4A4D-90E8-3837CE69591B}.Release|x64.ActiveCfg = Release|x64
		{AAE91331-29BA-4A4D-90E8-3837CE69591B}.Release|x64.Build.0 = Release|x64
		{AAE91331-29BA-4A4D-90E8-3837CE69591B}.Release|x86.ActiveCfg = Release|Win32
		{AAE91331-29BA-4A4D-90E8-3837CE69591B}.Release|x86.Build.0 = Release|Win32
	EndGlobalSection
	GlobalSection(SolutionProperties) = preSolution
		HideSolutionNode = FALSE
	EndGlobalSection
	GlobalSection(ExtensibilityGlobals) = postSolution
		SolutionGuid = {2802B227-A51D-4001-8000-D62BF2428B26}
	EndGlobalSection
EndGlobal
